
Microsoft Visual Studio Solution File, Format Version 12.00
# Visual Studio Version 17
VisualStudioVersion = 17.5.33502.453
MinimumVisualStudioVersion = 10.0.40219.1
Project("{FAE04EC0-301F-11D3-BF4B-00C04F79EFBC}") = "KI-301.Kekosh.Lab5", "KI-301.Kekosh.Lab5\KI-301.Kekosh.Lab5.csproj", "{F1D9B988-0B7E-4477-BF17-47179AF731AA}"
EndProject
Global
	GlobalSection(SolutionConfigurationPlatforms) = preSolution
		Debug|Any CPU = Debug|Any CPU
		Release|Any CPU = Release|Any CPU
	EndGlobalSection
	GlobalSection(ProjectConfigurationPlatforms) = postSolution
		{F1D9B988-0B7E-4477-BF17-47179AF731AA}.Debug|Any CPU.ActiveCfg = Debug|Any CPU
		{F1D9B988-0B7E-4477-BF17-47179AF731AA}.Debug|Any CPU.Build.0 = Debug|Any CPU
		{F1D9B988-0B7E-4477-BF17-47179AF731AA}.Release|Any CPU.ActiveCfg = Release|Any CPU
		{F1D9B988-0B7E-4477-BF17-47179AF731AA}.Release|Any CPU.Build.0 = Release|Any CPU
	EndGlobalSection
	GlobalSection(SolutionProperties) = preSolution
		HideSolutionNode = FALSE
	EndGlobalSection
	GlobalSection(ExtensibilityGlobals) = postSolution
		SolutionGuid = {E999BE7D-9FF3-4B02-B380-738C352769D4}
	EndGlobalSection
EndGlobal
